<?xml version="1.0" encoding="utf-8"?>
<Project ToolsVersion="4.0" xmlns="http://schemas.microsoft.com/developer/msbuild/2003">
  <ItemGroup>
    <Filter Include="소스 파일">
      <UniqueIdentifier>{4FC737F1-C7A5-4376-A066-2A32D752A2FF}</UniqueIdentifier>
      <Extensions>cpp;c;cc;cxx;def;odl;idl;hpj;bat;asm;asmx</Extensions>
    </Filter>
    <Filter Include="헤더 파일">
      <UniqueIdentifier>{93995380-89BD-4b04-88EB-625FBE52EBFB}</UniqueIdentifier>
      <Extensions>h;hh;hpp;hxx;hm;inl;inc;ipp;xsd</Extensions>
    </Filter>
    <Filter Include="리소스 파일">
      <UniqueIdentifier>{67DA6AB6-F800-4c08-8B7A-83BB121AAD01}</UniqueIdentifier>
      <Extensions>rc;ico;cur;bmp;dlg;rc2;rct;bin;rgs;gif;jpg;jpeg;jpe;resx;tiff;tif;png;wav;mfcribbon-ms</Extensions>
    </Filter>
    <Filter Include="소스 파일\main">
      <UniqueIdentifier>{506963cc-87d7-48b6-a336-16d4f11d13e2}</UniqueIdentifier>
    </Filter>
    <Filter Include="헤더 파일\prepare">
      <UniqueIdentifier>{8c0d7c6d-0b0e-4a4a-96ab-45735221e7c2}</UniqueIdentifier>
    </Filter>
    <Filter Include="소스 파일\load_and_split_stl_format">
      <UniqueIdentifier>{9f692d27-f247-4f89-8709-cbe4c993854b}</UniqueIdentifier>
    </Filter>
    <Filter Include="헤더 파일\load_and_split_stl_format">
      <UniqueIdentifier>{62cd0c6a-690a-45ec-b1f8-ad494bdd2a89}</UniqueIdentifier>
    </Filter>
    <Filter Include="소스 파일\initial_registration">
      <UniqueIdentifier>{b3a1b552-60bf-4f3f-ba41-322dbc61735f}</UniqueIdentifier>
    </Filter>
    <Filter Include="헤더 파일\initial_registration">
      <UniqueIdentifier>{287016dc-3939-4db8-90eb-d409053562e7}</UniqueIdentifier>
    </Filter>
    <Filter Include="소스 파일\ICP">
      <UniqueIdentifier>{1c87d3fd-49f0-442b-a7a2-977dee152b85}</UniqueIdentifier>
    </Filter>
    <Filter Include="소스 파일\ICP\calc_closest_point">
      <UniqueIdentifier>{88f5b563-bbde-485a-80ed-f1ce07071a33}</UniqueIdentifier>
    </Filter>
    <Filter Include="헤더 파일\ICP">
      <UniqueIdentifier>{a524000d-25b3-45be-a737-d7c7da3b99b8}</UniqueIdentifier>
    </Filter>
    <Filter Include="헤더 파일\ICP\calc_closest_point">
      <UniqueIdentifier>{63e7974f-e18b-4cc5-8f39-4417ae62f626}</UniqueIdentifier>
    </Filter>
    <Filter Include="헤더 파일\initial_registration\PCA">
      <UniqueIdentifier>{0ad47a7c-6f89-411d-9fd9-a635a4f3e454}</UniqueIdentifier>
    </Filter>
    <Filter Include="헤더 파일\initial_registration\PCA\prepare">
      <UniqueIdentifier>{1ae215cc-f73e-491c-b174-618426d50a48}</UniqueIdentifier>
    </Filter>
    <Filter Include="헤더 파일\initial_registration\PCA\rotation">
      <UniqueIdentifier>{6515f6fe-50b1-4152-80b1-0ad58128f9e3}</UniqueIdentifier>
    </Filter>
    <Filter Include="소스 파일\initial_registration\PCA">
      <UniqueIdentifier>{93469a4f-7eb8-47d1-9c37-665689bb9da4}</UniqueIdentifier>
    </Filter>
    <Filter Include="소스 파일\initial_registration\PCA\prepare">
      <UniqueIdentifier>{57f4e948-1893-4bac-b42c-4eb599616315}</UniqueIdentifier>
    </Filter>
    <Filter Include="소스 파일\initial_registration\PCA\rotation">
      <UniqueIdentifier>{12573faa-80a0-4f01-bb1d-b02e6fad85f9}</UniqueIdentifier>
    </Filter>
    <Filter Include="소스 파일\ICP\calc_closest_point\KD-tree">
      <UniqueIdentifier>{044f173c-0711-4b74-a759-b394bba5f41a}</UniqueIdentifier>
    </Filter>
    <Filter Include="헤더 파일\ICP\calc_closest_point\KD-tree">
      <UniqueIdentifier>{151481c8-baa1-49dd-868c-f1a5dc2daf29}</UniqueIdentifier>
    </Filter>
    <Filter Include="소스 파일\stl_add_and_save">
      <UniqueIdentifier>{2000b55b-9ac4-4872-b481-8a45dfea2d9b}</UniqueIdentifier>
    </Filter>
    <Filter Include="헤더 파일\stl_add_and_save">
      <UniqueIdentifier>{1ac20b10-6122-42e7-974c-12950eab90f6}</UniqueIdentifier>
    </Filter>
    <Filter Include="소스 파일\ICP\calc_closest_point\insert_to_unordered_set">
      <UniqueIdentifier>{26587620-5351-4415-b2e4-222f935742b9}</UniqueIdentifier>
    </Filter>
    <Filter Include="소스 파일\prepare">
      <UniqueIdentifier>{a45b99eb-cc97-4dca-8cad-fd41e024eb22}</UniqueIdentifier>
    </Filter>
    <Filter Include="소스 파일\ICP\calc_alignment">
      <UniqueIdentifier>{2833bac2-175c-4616-8289-7b71c4646d55}</UniqueIdentifier>
    </Filter>
    <Filter Include="헤더 파일\ICP\calc_alignment">
      <UniqueIdentifier>{b448bb0b-03c8-45b9-8e37-58db38ce9ef7}</UniqueIdentifier>
    </Filter>
    <Filter Include="헤더 파일\ICP\calc_closest_point\insert_to_unordered_set">
      <UniqueIdentifier>{3052b530-c2b5-4f16-9596-af8a6f59df63}</UniqueIdentifier>
    </Filter>
    <Filter Include="소스 파일\ICP\apply_alignment">
      <UniqueIdentifier>{efe42c87-d2e7-4c93-83cf-f19d7e8ea17a}</UniqueIdentifier>
    </Filter>
    <Filter Include="헤더 파일\ICP\apply_alignment">
      <UniqueIdentifier>{eae9cc20-a19a-4bc4-ab8b-7b4fe15d6b0c}</UniqueIdentifier>
    </Filter>
    <Filter Include="소스 파일\initial_registration\PCA\initial_centroid_alignment">
      <UniqueIdentifier>{b152ec4d-2e5c-4dc3-a4f2-26b2341d5ca2}</UniqueIdentifier>
    </Filter>
    <Filter Include="헤더 파일\initial_registration\PCA\initial_centroid_alignment">
      <UniqueIdentifier>{b183f0eb-8121-41e3-93a7-7ddfc66e468a}</UniqueIdentifier>
    </Filter>
    <Filter Include="소스 파일\ICP\calc_metric">
      <UniqueIdentifier>{ba4d0be0-c632-4064-9e26-1abe21370c2c}</UniqueIdentifier>
    </Filter>
    <Filter Include="헤더 파일\ICP\calc_metric">
      <UniqueIdentifier>{ed26f7e2-1d6d-4c68-87b9-efb208c22782}</UniqueIdentifier>
    </Filter>
  </ItemGroup>
  <ItemGroup>
    <ClCompile Include="main.cpp">
      <Filter>소스 파일\main</Filter>
    </ClCompile>
    <ClCompile Include="STILINFO.cpp">
      <Filter>소스 파일\prepare</Filter>
    </ClCompile>
    <ClCompile Include="load_and_split_stl_format.cpp">
      <Filter>소스 파일\load_and_split_stl_format</Filter>
    </ClCompile>
    <ClCompile Include="initial_registration.cpp">
      <Filter>소스 파일\initial_registration</Filter>
    </ClCompile>
    <ClCompile Include="calc_closest_point.cpp">
      <Filter>소스 파일\ICP\calc_closest_point</Filter>
    </ClCompile>
    <ClCompile Include="calc_average_xyz.cpp">
      <Filter>소스 파일\initial_registration\PCA\prepare</Filter>
    </ClCompile>
    <ClCompile Include="calc_covariance_matrix.cpp">
      <Filter>소스 파일\initial_registration\PCA\prepare</Filter>
    </ClCompile>
    <ClCompile Include="calc_eigendecompostion.cpp">
      <Filter>소스 파일\initial_registration\PCA\prepare</Filter>
    </ClCompile>
    <ClCompile Include="applying_rotation.cpp">
      <Filter>소스 파일\initial_registration\PCA\rotation</Filter>
    </ClCompile>
    <ClCompile Include="calc_mat_rotation.cpp">
      <Filter>소스 파일\initial_registration\PCA\rotation</Filter>
    </ClCompile>
    <ClCompile Include="stl_add_and_save.cpp">
      <Filter>소스 파일\stl_add_and_save</Filter>
    </ClCompile>
    <ClCompile Include="insert_to_unordered_set.cpp">
      <Filter>소스 파일\ICP\calc_closest_point\insert_to_unordered_set</Filter>
    </ClCompile>
    <ClCompile Include="kdtree.c">
      <Filter>소스 파일\ICP\calc_closest_point\KD-tree</Filter>
    </ClCompile>
    <ClCompile Include="calc_alignment.cpp">
      <Filter>소스 파일\ICP\calc_alignment</Filter>
    </ClCompile>
    <ClCompile Include="apply_alignment.cpp">
      <Filter>소스 파일\ICP\apply_alignment</Filter>
    </ClCompile>
    <ClCompile Include="PCA.cpp">
      <Filter>소스 파일\initial_registration\PCA</Filter>
    </ClCompile>
    <ClCompile Include="initial_centroid_alignment.cpp">
      <Filter>소스 파일\initial_registration\PCA\initial_centroid_alignment</Filter>
    </ClCompile>
    <ClCompile Include="calc_metric.cpp">
      <Filter>소스 파일\ICP\calc_metric</Filter>
    </ClCompile>
  </ItemGroup>
  <ItemGroup>
    <ClInclude Include="STLINFO.h">
      <Filter>헤더 파일\prepare</Filter>
    </ClInclude>
    <ClInclude Include="load_and_split_stl_format.h">
      <Filter>헤더 파일\load_and_split_stl_format</Filter>
    </ClInclude>
    <ClInclude Include="initial_registration.h">
      <Filter>헤더 파일\initial_registration</Filter>
    </ClInclude>
    <ClInclude Include="calc_closest_point.h">
      <Filter>헤더 파일\ICP\calc_closest_point</Filter>
    </ClInclude>
    <ClInclude Include="calc_average_xyz.h">
      <Filter>헤더 파일\initial_registration\PCA\prepare</Filter>
    </ClInclude>
    <ClInclude Include="calc_covariance_matrix.h">
      <Filter>헤더 파일\initial_registration\PCA\prepare</Filter>
    </ClInclude>
    <ClInclude Include="calc_eigendecompostion.h">
      <Filter>헤더 파일\initial_registration\PCA\prepare</Filter>
    </ClInclude>
    <ClInclude Include="applying_rotation.h">
      <Filter>헤더 파일\initial_registration\PCA\rotation</Filter>
    </ClInclude>
    <ClInclude Include="calc_mat_rotation.h">
      <Filter>헤더 파일\initial_registration\PCA\rotation</Filter>
    </ClInclude>
    <ClInclude Include="stl_add_and_save.h">
      <Filter>헤더 파일\stl_add_and_save</Filter>
    </ClInclude>
    <ClInclude Include="insert_to_unordered_set.h">
      <Filter>헤더 파일\ICP\calc_closest_point\insert_to_unordered_set</Filter>
    </ClInclude>
    <ClInclude Include="kdtree.h">
      <Filter>헤더 파일\ICP\calc_closest_point\KD-tree</Filter>
    </ClInclude>
    <ClInclude Include="calc_alignment.h">
      <Filter>헤더 파일\ICP\calc_alignment</Filter>
    </ClInclude>
    <ClInclude Include="apply_alignment.h">
      <Filter>헤더 파일\ICP\apply_alignment</Filter>
    </ClInclude>
    <ClInclude Include="PCA.h">
      <Filter>헤더 파일\initial_registration\PCA</Filter>
    </ClInclude>
    <ClInclude Include="initial_centroid_alignment.h">
      <Filter>헤더 파일\initial_registration\PCA\initial_centroid_alignment</Filter>
    </ClInclude>
    <ClInclude Include="calc_metric.h">
      <Filter>헤더 파일\ICP\calc_metric</Filter>
    </ClInclude>
  </ItemGroup>
</Project>