<?xml version="1.0" encoding="utf-8"?>
<Project ToolsVersion="4.0" xmlns="http://schemas.microsoft.com/developer/msbuild/2003">
  <ItemGroup>
    <Filter Include="소스 파일">
      <UniqueIdentifier>{4FC737F1-C7A5-4376-A066-2A32D752A2FF}</UniqueIdentifier>
      <Extensions>cpp;c;cc;cxx;def;odl;idl;hpj;bat;asm;asmx</Extensions>
    </Filter>
    <Filter Include="헤더 파일">
      <UniqueIdentifier>{93995380-89BD-4b04-88EB-625FBE52EBFB}</UniqueIdentifier>
      <Extensions>h;hh;hpp;hxx;hm;inl;inc;ipp;xsd</Extensions>
    </Filter>
    <Filter Include="리소스 파일">
      <UniqueIdentifier>{67DA6AB6-F800-4c08-8B7A-83BB121AAD01}</UniqueIdentifier>
      <Extensions>rc;ico;cur;bmp;dlg;rc2;rct;bin;rgs;gif;jpg;jpeg;jpe;resx;tiff;tif;png;wav;mfcribbon-ms</Extensions>
    </Filter>
    <Filter Include="소스 파일\main">
      <UniqueIdentifier>{506963cc-87d7-48b6-a336-16d4f11d13e2}</UniqueIdentifier>
    </Filter>
    <Filter Include="헤더 파일\prepare">
      <UniqueIdentifier>{8c0d7c6d-0b0e-4a4a-96ab-45735221e7c2}</UniqueIdentifier>
    </Filter>
    <Filter Include="소스 파일\prepare">
      <UniqueIdentifier>{a45b99eb-cc97-4dca-8cad-fd41e024eb22}</UniqueIdentifier>
    </Filter>
    <Filter Include="소스 파일\load_and_split_stl_format">
      <UniqueIdentifier>{9f692d27-f247-4f89-8709-cbe4c993854b}</UniqueIdentifier>
    </Filter>
    <Filter Include="헤더 파일\load_and_split_stl_format">
      <UniqueIdentifier>{62cd0c6a-690a-45ec-b1f8-ad494bdd2a89}</UniqueIdentifier>
    </Filter>
    <Filter Include="소스 파일\PCA">
      <UniqueIdentifier>{93469a4f-7eb8-47d1-9c37-665689bb9da4}</UniqueIdentifier>
    </Filter>
    <Filter Include="헤더 파일\PCA">
      <UniqueIdentifier>{0ad47a7c-6f89-411d-9fd9-a635a4f3e454}</UniqueIdentifier>
    </Filter>
    <Filter Include="소스 파일\initial_registration">
      <UniqueIdentifier>{b3a1b552-60bf-4f3f-ba41-322dbc61735f}</UniqueIdentifier>
    </Filter>
    <Filter Include="헤더 파일\initial_registration">
      <UniqueIdentifier>{287016dc-3939-4db8-90eb-d409053562e7}</UniqueIdentifier>
    </Filter>
  </ItemGroup>
  <ItemGroup>
    <ClCompile Include="main.cpp">
      <Filter>소스 파일\main</Filter>
    </ClCompile>
    <ClCompile Include="STILINFO.cpp">
      <Filter>소스 파일\prepare</Filter>
    </ClCompile>
    <ClCompile Include="load_and_split_stl_format.cpp">
      <Filter>소스 파일\load_and_split_stl_format</Filter>
    </ClCompile>
    <ClCompile Include="calc_average_xyz.cpp">
      <Filter>소스 파일\PCA</Filter>
    </ClCompile>
    <ClCompile Include="calc_covariance_matrix.cpp">
      <Filter>소스 파일\PCA</Filter>
    </ClCompile>
    <ClCompile Include="calc_eigendecompostion.cpp">
      <Filter>소스 파일\PCA</Filter>
    </ClCompile>
    <ClCompile Include="initial_registration.cpp">
      <Filter>소스 파일\initial_registration</Filter>
    </ClCompile>
    <ClCompile Include="calc_mat_rotation.cpp">
      <Filter>소스 파일\initial_registration</Filter>
    </ClCompile>
    <ClCompile Include="applying_rotation.cpp">
      <Filter>소스 파일\initial_registration</Filter>
    </ClCompile>
    <ClCompile Include="stl_add_and_save.cpp">
      <Filter>소스 파일\prepare</Filter>
    </ClCompile>
  </ItemGroup>
  <ItemGroup>
    <ClInclude Include="STLINFO.h">
      <Filter>헤더 파일\prepare</Filter>
    </ClInclude>
    <ClInclude Include="load_and_split_stl_format.h">
      <Filter>헤더 파일\load_and_split_stl_format</Filter>
    </ClInclude>
    <ClInclude Include="calc_average_xyz.h">
      <Filter>헤더 파일\PCA</Filter>
    </ClInclude>
    <ClInclude Include="calc_covariance_matrix.h">
      <Filter>헤더 파일\PCA</Filter>
    </ClInclude>
    <ClInclude Include="calc_eigendecompostion.h">
      <Filter>헤더 파일\PCA</Filter>
    </ClInclude>
    <ClInclude Include="initial_registration.h">
      <Filter>헤더 파일\initial_registration</Filter>
    </ClInclude>
    <ClInclude Include="calc_mat_rotation.h">
      <Filter>헤더 파일\initial_registration</Filter>
    </ClInclude>
    <ClInclude Include="applying_rotation.h">
      <Filter>헤더 파일\initial_registration</Filter>
    </ClInclude>
    <ClInclude Include="stl_add_and_save.h">
      <Filter>헤더 파일\prepare</Filter>
    </ClInclude>
  </ItemGroup>
</Project>